<?xml version="1.0" encoding="utf-8"?>
<Project ToolsVersion="4.0" xmlns="http://schemas.microsoft.com/developer/msbuild/2003">
  <ItemGroup>
    <Filter Include="System">
      <UniqueIdentifier>{fbdcd13e-c73a-400a-8c80-5acc2d9f4ce4}</UniqueIdentifier>
    </Filter>
    <Filter Include="System\Console">
      <UniqueIdentifier>{a2006149-a18f-4d2e-b6b4-18a9ae854bb8}</UniqueIdentifier>
    </Filter>
    <Filter Include="System\Window">
      <UniqueIdentifier>{dda41f4e-b2e5-4ccf-8cf5-9d5fcb35e1d8}</UniqueIdentifier>
    </Filter>
    <Filter Include="System\Direct3D11">
      <UniqueIdentifier>{0591d60f-c13d-4a77-837e-ba01e75c559a}</UniqueIdentifier>
    </Filter>
  </ItemGroup>
  <ItemGroup>
    <ClCompile Include="SandBox.cpp" />
    <ClCompile Include="System\Console\Console.cpp">
      <Filter>System\Console</Filter>
    </ClCompile>
    <ClCompile Include="System\Window\Window.cpp">
      <Filter>System\Window</Filter>
    </ClCompile>
  </ItemGroup>
  <ItemGroup>
    <ClInclude Include="System\Console\Console.h">
      <Filter>System\Console</Filter>
    </ClInclude>
    <ClInclude Include="System\Window\Window.h">
      <Filter>System\Window</Filter>
    </ClInclude>
  </ItemGroup>
</Project>